
Microsoft Visual Studio Solution File, Format Version 12.00
# Visual Studio 14
VisualStudioVersion = 14.0.25420.1
MinimumVisualStudioVersion = 10.0.40219.1
Project("{8BC9CEB8-8B4A-11D0-8D11-00A0C91BC942}") = "App13", "App13\App13.vcxproj", "{A9AA9713-8CF3-4CBB-9A18-5BB87DACBA1C}"
EndProject
Project("{8BC9CEB8-8B4A-11D0-8D11-00A0C91BC942}") = "App12", "App12\App12.vcxproj", "{48484B2F-FAC1-46F9-BE24-FAB567B80366}"
EndProject
Project("{8BC9CEB8-8B4A-11D0-8D11-00A0C91BC942}") = "App11", "App11\App11.vcxproj", "{9B3273EA-BC27-47B5-B17A-0C20FF93F8F4}"
EndProject
Global
	GlobalSection(SolutionConfigurationPlatforms) = preSolution
		Debug|x64 = Debug|x64
		Debug|x86 = Debug|x86
		Release|x64 = Release|x64
		Release|x86 = Release|x86
	EndGlobalSection
	GlobalSection(ProjectConfigurationPlatforms) = postSolution
		{A9AA9713-8CF3-4CBB-9A18-5BB87DACBA1C}.Debug|x64.ActiveCfg = Debug|x64
		{A9AA9713-8CF3-4CBB-9A18-5BB87DACBA1C}.Debug|x64.Build.0 = Debug|x64
		{A9AA9713-8CF3-4CBB-9A18-5BB87DACBA1C}.Debug|x86.ActiveCfg = Debug|Win32
		{A9AA9713-8CF3-4CBB-9A18-5BB87DACBA1C}.Debug|x86.Build.0 = Debug|Win32
		{A9AA9713-8CF3-4CBB-9A18-5BB87DACBA1C}.Release|x64.ActiveCfg = Release|x64
		{A9AA9713-8CF3-4CBB-9A18-5BB87DACBA1C}.Release|x64.Build.0 = Release|x64
		{A9AA9713-8CF3-4CBB-9A18-5BB87DACBA1C}.Release|x86.ActiveCfg = Release|Win32
		{A9AA9713-8CF3-4CBB-9A18-5BB87DACBA1C}.Release|x86.Build.0 = Release|Win32
		{48484B2F-FAC1-46F9-BE24-FAB567B80366}.Debug|x64.ActiveCfg = Debug|x64
		{48484B2F-FAC1-46F9-BE24-FAB567B80366}.Debug|x64.Build.0 = Debug|x64
		{48484B2F-FAC1-46F9-BE24-FAB567B80366}.Debug|x86.ActiveCfg = Debug|Win32
		{48484B2F-FAC1-46F9-BE24-FAB567B80366}.Debug|x86.Build.0 = Debug|Win32
		{48484B2F-FAC1-46F9-BE24-FAB567B80366}.Release|x64.ActiveCfg = Release|x64
		{48484B2F-FAC1-46F9-BE24-FAB567B80366}.Release|x64.Build.0 = Release|x64
		{48484B2F-FAC1-46F9-BE24-FAB567B80366}.Release|x86.ActiveCfg = Release|Win32
		{48484B2F-FAC1-46F9-BE24-FAB567B80366}.Release|x86.Build.0 = Release|Win32
		{9B3273EA-BC27-47B5-B17A-0C20FF93F8F4}.Debug|x64.ActiveCfg = Debug|x64
		{9B3273EA-BC27-47B5-B17A-0C20FF93F8F4}.Debug|x64.Build.0 = Debug|x64
		{9B3273EA-BC27-47B5-B17A-0C20FF93F8F4}.Debug|x86.ActiveCfg = Debug|Win32
		{9B3273EA-BC27-47B5-B17A-0C20FF93F8F4}.Debug|x86.Build.0 = Debug|Win32
		{9B3273EA-BC27-47B5-B17A-0C20FF93F8F4}.Release|x64.ActiveCfg = Release|x64
		{9B3273EA-BC27-47B5-B17A-0C20FF93F8F4}.Release|x64.Build.0 = Release|x64
		{9B3273EA-BC27-47B5-B17A-0C20FF93F8F4}.Release|x86.ActiveCfg = Release|Win32
		{9B3273EA-BC27-47B5-B17A-0C20FF93F8F4}.Release|x86.Build.0 = Release|Win32
	EndGlobalSection
	GlobalSection(SolutionProperties) = preSolution
		HideSolutionNode = FALSE
	EndGlobalSection
EndGlobal
